github.com/golang/glog v1.0.0 h1:nfP3RFugxnNRyKgeWd4oI1nYvXpxrx8ck8ZrcizshdQ=
github.com/golang/glog v1.0.0/go.mod h1:EWib/APOK0SL3dFbYqvxE3UYd8E6s1ouQ7iEp/0LWV4=
github.com/jarcoal/httpmock v1.2.0 h1:gSvTxxFR/MEMfsGrvRbdfpRUMBStovlSRLw0Ep1bwwc=
github.com/openfga/go-sdk v0.1.1 h1:eeCs73gVb+IyJP7LAJUYitmEBTos6fI5m63wM4lT/Ps=
github.com/openfga/go-sdk v0.1.1/go.mod h1:eNcokf21FYb6Uvx08rtDri+CuXRtLbpapQ8E3+Lbo9w=
golang.org/x/net v0.0.0-20220927171203-f486391704dc h1:FxpXZdoBqT8RjqTy6i1E8nXHhW21wK7ptQ/EPIGxzPQ=
golang.org/x/net v0.0.0-20220927171203-f486391704dc/go.mod h1:YDH+HFinaLZZlnHAfSS6ZXJJ9M9t4Dl22yv3iI2vPwk=
